
Microsoft Visual Studio Solution File, Format Version 12.00
# Visual Studio 2017
Project("{FAE04EC0-301F-11D3-BF4B-00C04F79EFBC}") = "seimos-medis2", "seimos-medis2.csproj", "{7D60AA3F-CC2A-6EFE-3F3B-66B5CA884BDA}"
EndProject
Project("{FAE04EC0-301F-11D3-BF4B-00C04F79EFBC}") = "seimos-medis2.Plugins", "seimos-medis2.Plugins.csproj", "{91FB3DA4-D99E-6482-9BA7-38CB9AEE2556}"
EndProject
Project("{FAE04EC0-301F-11D3-BF4B-00C04F79EFBC}") = "seimos-medis2.Editor.Plugins", "seimos-medis2.Editor.Plugins.csproj", "{0A924610-5160-8483-5F0F-05B647E77A85}"
EndProject
Project("{FAE04EC0-301F-11D3-BF4B-00C04F79EFBC}") = "seimos-medis2.Editor", "seimos-medis2.Editor.csproj", "{3A937753-BDA6-5103-466D-14DB46C9C4BF}"
EndProject
Global
	GlobalSection(SolutionConfigurationPlatforms) = preSolution
		Debug|Any CPU = Debug|Any CPU
		Release|Any CPU = Release|Any CPU
	EndGlobalSection
	GlobalSection(ProjectConfigurationPlatforms) = postSolution
		{7D60AA3F-CC2A-6EFE-3F3B-66B5CA884BDA}.Debug|Any CPU.ActiveCfg = Debug|Any CPU
		{7D60AA3F-CC2A-6EFE-3F3B-66B5CA884BDA}.Debug|Any CPU.Build.0 = Debug|Any CPU
		{7D60AA3F-CC2A-6EFE-3F3B-66B5CA884BDA}.Release|Any CPU.ActiveCfg = Release|Any CPU
		{7D60AA3F-CC2A-6EFE-3F3B-66B5CA884BDA}.Release|Any CPU.Build.0 = Release|Any CPU
		{91FB3DA4-D99E-6482-9BA7-38CB9AEE2556}.Debug|Any CPU.ActiveCfg = Debug|Any CPU
		{91FB3DA4-D99E-6482-9BA7-38CB9AEE2556}.Debug|Any CPU.Build.0 = Debug|Any CPU
		{91FB3DA4-D99E-6482-9BA7-38CB9AEE2556}.Release|Any CPU.ActiveCfg = Release|Any CPU
		{91FB3DA4-D99E-6482-9BA7-38CB9AEE2556}.Release|Any CPU.Build.0 = Release|Any CPU
		{0A924610-5160-8483-5F0F-05B647E77A85}.Debug|Any CPU.ActiveCfg = Debug|Any CPU
		{0A924610-5160-8483-5F0F-05B647E77A85}.Debug|Any CPU.Build.0 = Debug|Any CPU
		{0A924610-5160-8483-5F0F-05B647E77A85}.Release|Any CPU.ActiveCfg = Release|Any CPU
		{0A924610-5160-8483-5F0F-05B647E77A85}.Release|Any CPU.Build.0 = Release|Any CPU
		{3A937753-BDA6-5103-466D-14DB46C9C4BF}.Debug|Any CPU.ActiveCfg = Debug|Any CPU
		{3A937753-BDA6-5103-466D-14DB46C9C4BF}.Debug|Any CPU.Build.0 = Debug|Any CPU
		{3A937753-BDA6-5103-466D-14DB46C9C4BF}.Release|Any CPU.ActiveCfg = Release|Any CPU
		{3A937753-BDA6-5103-466D-14DB46C9C4BF}.Release|Any CPU.Build.0 = Release|Any CPU
	EndGlobalSection
	GlobalSection(SolutionProperties) = preSolution
		HideSolutionNode = FALSE
	EndGlobalSection
EndGlobal
